// !$*UTF8*$!
{
	archiveVersion = 1;
	classes = {
	};
	objectVersion = 48;
	objects = {

/* Begin PBXBuildFile section */
		420FDA0C1F5C69E000869ECF /* SongsTableViewCell.swift in Sources */ = {isa = PBXBuildFile; fileRef = 420FDA0B1F5C69E000869ECF /* SongsTableViewCell.swift */; };
		420FDA0E1F5C6B8700869ECF /* SongsTableView.xib in Resources */ = {isa = PBXBuildFile; fileRef = 420FDA0D1F5C6B8700869ECF /* SongsTableView.xib */; };
		420FDA121F5C6D7D00869ECF /* HomeViewController.swift in Sources */ = {isa = PBXBuildFile; fileRef = 420FDA111F5C6D7D00869ECF /* HomeViewController.swift */; };
		420FDA151F5C6EC900869ECF /* Endpoints.swift in Sources */ = {isa = PBXBuildFile; fileRef = 420FDA141F5C6EC900869ECF /* Endpoints.swift */; };
		420FDA171F5C6F1500869ECF /* Artist.swift in Sources */ = {isa = PBXBuildFile; fileRef = 420FDA161F5C6F1500869ECF /* Artist.swift */; };
		420FDA191F5C6F1E00869ECF /* Song.swift in Sources */ = {isa = PBXBuildFile; fileRef = 420FDA181F5C6F1E00869ECF /* Song.swift */; };
		420FDA1B1F5C722500869ECF /* SongsTableView.swift in Sources */ = {isa = PBXBuildFile; fileRef = 420FDA1A1F5C722500869ECF /* SongsTableView.swift */; };
		420FDA1F1F5CAAD600869ECF /* ArtistsTableViewCell.swift in Sources */ = {isa = PBXBuildFile; fileRef = 420FDA1E1F5CAAD600869ECF /* ArtistsTableViewCell.swift */; };
		42289A6F1F64F6DB0067DFE2 /* Album.swift in Sources */ = {isa = PBXBuildFile; fileRef = 42289A6E1F64F6DB0067DFE2 /* Album.swift */; };
		4231CA1C1FA3A5BF00D26EB3 /* SongPlayerView.xib in Resources */ = {isa = PBXBuildFile; fileRef = 4231CA1B1FA3A5BF00D26EB3 /* SongPlayerView.xib */; };
		4231CA1E1FA3A5E700D26EB3 /* SongPlayerView.swift in Sources */ = {isa = PBXBuildFile; fileRef = 4231CA1D1FA3A5E700D26EB3 /* SongPlayerView.swift */; };
		426F5C7D1F60B63800535A89 /* AudioPlayer.swift in Sources */ = {isa = PBXBuildFile; fileRef = 426F5C7C1F60B63800535A89 /* AudioPlayer.swift */; };
		428089CE1F6486360029C212 /* AlbumsViewController.swift in Sources */ = {isa = PBXBuildFile; fileRef = 428089CD1F6486360029C212 /* AlbumsViewController.swift */; };
		4286D6CC1F61FEB900A6E2C8 /* TabBarController.swift in Sources */ = {isa = PBXBuildFile; fileRef = 4286D6CB1F61FEB900A6E2C8 /* TabBarController.swift */; };
		429468361F802EFE0018CC35 /* SongPopoverViewController.swift in Sources */ = {isa = PBXBuildFile; fileRef = 429468351F802EFE0018CC35 /* SongPopoverViewController.swift */; };
		42A93E251F5738BF002186D5 /* ArtistsViewController.swift in Sources */ = {isa = PBXBuildFile; fileRef = 42A93E241F5738BF002186D5 /* ArtistsViewController.swift */; };
		42B847881F5523FB00F31700 /* AppDelegate.swift in Sources */ = {isa = PBXBuildFile; fileRef = 42B847871F5523FB00F31700 /* AppDelegate.swift */; };
		42B8478A1F5523FB00F31700 /* SearchViewController.swift in Sources */ = {isa = PBXBuildFile; fileRef = 42B847891F5523FB00F31700 /* SearchViewController.swift */; };
		42B8478D1F5523FB00F31700 /* Main.storyboard in Resources */ = {isa = PBXBuildFile; fileRef = 42B8478B1F5523FB00F31700 /* Main.storyboard */; };
		42B8478F1F5523FB00F31700 /* Assets.xcassets in Resources */ = {isa = PBXBuildFile; fileRef = 42B8478E1F5523FB00F31700 /* Assets.xcassets */; };
		42B847921F5523FB00F31700 /* LaunchScreen.storyboard in Resources */ = {isa = PBXBuildFile; fileRef = 42B847901F5523FB00F31700 /* LaunchScreen.storyboard */; };
		42B8479D1F5523FB00F31700 /* MusicArchiveTests.swift in Sources */ = {isa = PBXBuildFile; fileRef = 42B8479C1F5523FB00F31700 /* MusicArchiveTests.swift */; };
		42B847A81F5523FB00F31700 /* MusicArchiveUITests.swift in Sources */ = {isa = PBXBuildFile; fileRef = 42B847A71F5523FB00F31700 /* MusicArchiveUITests.swift */; };
		42B847B61F5524E000F31700 /* SongsViewController.swift in Sources */ = {isa = PBXBuildFile; fileRef = 42B847B51F5524E000F31700 /* SongsViewController.swift */; };
		42C1F9991F64676E00A4D4A3 /* HomeView.swift in Sources */ = {isa = PBXBuildFile; fileRef = 42C1F9981F64676E00A4D4A3 /* HomeView.swift */; };
		42C1F99B1F64677C00A4D4A3 /* HomeView.xib in Resources */ = {isa = PBXBuildFile; fileRef = 42C1F99A1F64677C00A4D4A3 /* HomeView.xib */; };
		42C88D941F5CAE430052A4BB /* MusicAPIClient.swift in Sources */ = {isa = PBXBuildFile; fileRef = 42C88D931F5CAE430052A4BB /* MusicAPIClient.swift */; };
		42DB375A1F5DC89800DF41EE /* SongsTableViewCell.xib in Resources */ = {isa = PBXBuildFile; fileRef = 42DB37591F5DC89800DF41EE /* SongsTableViewCell.xib */; };
		42DB375C1F5DE87900DF41EE /* Extensions.swift in Sources */ = {isa = PBXBuildFile; fileRef = 42DB375B1F5DE87900DF41EE /* Extensions.swift */; };
		42DC9B0F1F6C5F9500337476 /* Alamofire.framework in Frameworks */ = {isa = PBXBuildFile; fileRef = 42DC9B101F6C5F9500337476 /* Alamofire.framework */; };
		42ECDEA01F9EF0FC00497C91 /* AlbumsTableViewCell.swift in Sources */ = {isa = PBXBuildFile; fileRef = 42ECDE9F1F9EF0FC00497C91 /* AlbumsTableViewCell.swift */; };
		BCF3B0EF5947BFA5EE99AA56 /* Pods_MusicArchiveTests.framework in Frameworks */ = {isa = PBXBuildFile; fileRef = 9D3C38EB122B71DC1699FE6F /* Pods_MusicArchiveTests.framework */; };
		F56A3343895BE65F988F2631 /* Pods_MusicArchive.framework in Frameworks */ = {isa = PBXBuildFile; fileRef = 42DC9B0E1F6C5EDD00337476 /* Pods_MusicArchive.framework */; };
		FC970D5874A792B01D5378DC /* Pods_MusicArchiveUITests.framework in Frameworks */ = {isa = PBXBuildFile; fileRef = 119DEAB28500FE113E26C70E /* Pods_MusicArchiveUITests.framework */; };
/* End PBXBuildFile section */

/* Begin PBXContainerItemProxy section */
		42B847991F5523FB00F31700 /* PBXContainerItemProxy */ = {
			isa = PBXContainerItemProxy;
			containerPortal = 42B8477C1F5523FB00F31700 /* Project object */;
			proxyType = 1;
			remoteGlobalIDString = 42B847831F5523FB00F31700;
			remoteInfo = MusicArchive;
		};
		42B847A41F5523FB00F31700 /* PBXContainerItemProxy */ = {
			isa = PBXContainerItemProxy;
			containerPortal = 42B8477C1F5523FB00F31700 /* Project object */;
			proxyType = 1;
			remoteGlobalIDString = 42B847831F5523FB00F31700;
			remoteInfo = MusicArchive;
		};
/* End PBXContainerItemProxy section */

/* Begin PBXFileReference section */
		0BD06BA828D5BD3221C64CD1 /* Pods_MusicArchive.framework */ = {isa = PBXFileReference; explicitFileType = wrapper.framework; includeInIndex = 0; path = Pods_MusicArchive.framework; sourceTree = BUILT_PRODUCTS_DIR; };
		119DEAB28500FE113E26C70E /* Pods_MusicArchiveUITests.framework */ = {isa = PBXFileReference; explicitFileType = wrapper.framework; includeInIndex = 0; path = Pods_MusicArchiveUITests.framework; sourceTree = BUILT_PRODUCTS_DIR; };
		420FDA0B1F5C69E000869ECF /* SongsTableViewCell.swift */ = {isa = PBXFileReference; lastKnownFileType = sourcecode.swift; path = SongsTableViewCell.swift; sourceTree = "<group>"; };
		420FDA0D1F5C6B8700869ECF /* SongsTableView.xib */ = {isa = PBXFileReference; lastKnownFileType = file.xib; path = SongsTableView.xib; sourceTree = "<group>"; };
		420FDA111F5C6D7D00869ECF /* HomeViewController.swift */ = {isa = PBXFileReference; lastKnownFileType = sourcecode.swift; path = HomeViewController.swift; sourceTree = "<group>"; };
		420FDA141F5C6EC900869ECF /* Endpoints.swift */ = {isa = PBXFileReference; lastKnownFileType = sourcecode.swift; path = Endpoints.swift; sourceTree = "<group>"; };
		420FDA161F5C6F1500869ECF /* Artist.swift */ = {isa = PBXFileReference; lastKnownFileType = sourcecode.swift; path = Artist.swift; sourceTree = "<group>"; };
		420FDA181F5C6F1E00869ECF /* Song.swift */ = {isa = PBXFileReference; lastKnownFileType = sourcecode.swift; path = Song.swift; sourceTree = "<group>"; };
		420FDA1A1F5C722500869ECF /* SongsTableView.swift */ = {isa = PBXFileReference; lastKnownFileType = sourcecode.swift; path = SongsTableView.swift; sourceTree = "<group>"; };
		420FDA1E1F5CAAD600869ECF /* ArtistsTableViewCell.swift */ = {isa = PBXFileReference; lastKnownFileType = sourcecode.swift; path = ArtistsTableViewCell.swift; sourceTree = "<group>"; };
		42289A6E1F64F6DB0067DFE2 /* Album.swift */ = {isa = PBXFileReference; lastKnownFileType = sourcecode.swift; path = Album.swift; sourceTree = "<group>"; };
		4231CA1B1FA3A5BF00D26EB3 /* SongPlayerView.xib */ = {isa = PBXFileReference; lastKnownFileType = file.xib; path = SongPlayerView.xib; sourceTree = "<group>"; };
		4231CA1D1FA3A5E700D26EB3 /* SongPlayerView.swift */ = {isa = PBXFileReference; lastKnownFileType = sourcecode.swift; path = SongPlayerView.swift; sourceTree = "<group>"; };
		426F5C7C1F60B63800535A89 /* AudioPlayer.swift */ = {isa = PBXFileReference; lastKnownFileType = sourcecode.swift; path = AudioPlayer.swift; sourceTree = "<group>"; };
		428089CD1F6486360029C212 /* AlbumsViewController.swift */ = {isa = PBXFileReference; lastKnownFileType = sourcecode.swift; path = AlbumsViewController.swift; sourceTree = "<group>"; };
		4286D6CB1F61FEB900A6E2C8 /* TabBarController.swift */ = {isa = PBXFileReference; lastKnownFileType = sourcecode.swift; path = TabBarController.swift; sourceTree = "<group>"; };
		429468351F802EFE0018CC35 /* SongPopoverViewController.swift */ = {isa = PBXFileReference; lastKnownFileType = sourcecode.swift; path = SongPopoverViewController.swift; sourceTree = "<group>"; };
		42A93E241F5738BF002186D5 /* ArtistsViewController.swift */ = {isa = PBXFileReference; lastKnownFileType = sourcecode.swift; path = ArtistsViewController.swift; sourceTree = "<group>"; };
		42B847841F5523FB00F31700 /* MusicArchive.app */ = {isa = PBXFileReference; explicitFileType = wrapper.application; includeInIndex = 0; path = MusicArchive.app; sourceTree = BUILT_PRODUCTS_DIR; };
		42B847871F5523FB00F31700 /* AppDelegate.swift */ = {isa = PBXFileReference; lastKnownFileType = sourcecode.swift; path = AppDelegate.swift; sourceTree = "<group>"; };
		42B847891F5523FB00F31700 /* SearchViewController.swift */ = {isa = PBXFileReference; lastKnownFileType = sourcecode.swift; path = SearchViewController.swift; sourceTree = "<group>"; };
		42B8478C1F5523FB00F31700 /* Base */ = {isa = PBXFileReference; lastKnownFileType = file.storyboard; name = Base; path = Base.lproj/Main.storyboard; sourceTree = "<group>"; };
		42B8478E1F5523FB00F31700 /* Assets.xcassets */ = {isa = PBXFileReference; lastKnownFileType = folder.assetcatalog; path = Assets.xcassets; sourceTree = "<group>"; };
		42B847911F5523FB00F31700 /* Base */ = {isa = PBXFileReference; lastKnownFileType = file.storyboard; name = Base; path = Base.lproj/LaunchScreen.storyboard; sourceTree = "<group>"; };
		42B847931F5523FB00F31700 /* Info.plist */ = {isa = PBXFileReference; lastKnownFileType = text.plist.xml; path = Info.plist; sourceTree = "<group>"; };
		42B847981F5523FB00F31700 /* MusicArchiveTests.xctest */ = {isa = PBXFileReference; explicitFileType = wrapper.cfbundle; includeInIndex = 0; path = MusicArchiveTests.xctest; sourceTree = BUILT_PRODUCTS_DIR; };
		42B8479C1F5523FB00F31700 /* MusicArchiveTests.swift */ = {isa = PBXFileReference; lastKnownFileType = sourcecode.swift; path = MusicArchiveTests.swift; sourceTree = "<group>"; };
		42B8479E1F5523FB00F31700 /* Info.plist */ = {isa = PBXFileReference; lastKnownFileType = text.plist.xml; path = Info.plist; sourceTree = "<group>"; };
		42B847A31F5523FB00F31700 /* MusicArchiveUITests.xctest */ = {isa = PBXFileReference; explicitFileType = wrapper.cfbundle; includeInIndex = 0; path = MusicArchiveUITests.xctest; sourceTree = BUILT_PRODUCTS_DIR; };
		42B847A71F5523FB00F31700 /* MusicArchiveUITests.swift */ = {isa = PBXFileReference; lastKnownFileType = sourcecode.swift; path = MusicArchiveUITests.swift; sourceTree = "<group>"; };
		42B847A91F5523FB00F31700 /* Info.plist */ = {isa = PBXFileReference; lastKnownFileType = text.plist.xml; path = Info.plist; sourceTree = "<group>"; };
		42B847B51F5524E000F31700 /* SongsViewController.swift */ = {isa = PBXFileReference; lastKnownFileType = sourcecode.swift; path = SongsViewController.swift; sourceTree = "<group>"; };
		42C1F9981F64676E00A4D4A3 /* HomeView.swift */ = {isa = PBXFileReference; lastKnownFileType = sourcecode.swift; path = HomeView.swift; sourceTree = "<group>"; };
		42C1F99A1F64677C00A4D4A3 /* HomeView.xib */ = {isa = PBXFileReference; lastKnownFileType = file.xib; path = HomeView.xib; sourceTree = "<group>"; };
		42C88D931F5CAE430052A4BB /* MusicAPIClient.swift */ = {isa = PBXFileReference; lastKnownFileType = sourcecode.swift; path = MusicAPIClient.swift; sourceTree = "<group>"; };
		42DB37591F5DC89800DF41EE /* SongsTableViewCell.xib */ = {isa = PBXFileReference; lastKnownFileType = file.xib; path = SongsTableViewCell.xib; sourceTree = "<group>"; };
		42DB375B1F5DE87900DF41EE /* Extensions.swift */ = {isa = PBXFileReference; lastKnownFileType = sourcecode.swift; path = Extensions.swift; sourceTree = "<group>"; };
		42DC9B0C1F6C5EA700337476 /* Pods_MusicArchive.framework */ = {isa = PBXFileReference; explicitFileType = wrapper.framework; path = Pods_MusicArchive.framework; sourceTree = BUILT_PRODUCTS_DIR; };
		42DC9B0E1F6C5EDD00337476 /* Pods_MusicArchive.framework */ = {isa = PBXFileReference; explicitFileType = wrapper.framework; path = Pods_MusicArchive.framework; sourceTree = BUILT_PRODUCTS_DIR; };
		42DC9B101F6C5F9500337476 /* Alamofire.framework */ = {isa = PBXFileReference; explicitFileType = wrapper.framework; path = Alamofire.framework; sourceTree = BUILT_PRODUCTS_DIR; };
		42ECDE9F1F9EF0FC00497C91 /* AlbumsTableViewCell.swift */ = {isa = PBXFileReference; lastKnownFileType = sourcecode.swift; path = AlbumsTableViewCell.swift; sourceTree = "<group>"; };
		5B3D3AE1A5B6BE5FC1A2CE85 /* Pods-MusicArchiveUITests.release.xcconfig */ = {isa = PBXFileReference; includeInIndex = 1; lastKnownFileType = text.xcconfig; name = "Pods-MusicArchiveUITests.release.xcconfig"; path = "Pods/Target Support Files/Pods-MusicArchiveUITests/Pods-MusicArchiveUITests.release.xcconfig"; sourceTree = "<group>"; };
		7B9A378B22C4B8C68197830E /* Pods-MusicArchiveTests.debug.xcconfig */ = {isa = PBXFileReference; includeInIndex = 1; lastKnownFileType = text.xcconfig; name = "Pods-MusicArchiveTests.debug.xcconfig"; path = "Pods/Target Support Files/Pods-MusicArchiveTests/Pods-MusicArchiveTests.debug.xcconfig"; sourceTree = "<group>"; };
		9112619CD638CFB83346E585 /* Pods-MusicArchive.release.xcconfig */ = {isa = PBXFileReference; includeInIndex = 1; lastKnownFileType = text.xcconfig; name = "Pods-MusicArchive.release.xcconfig"; path = "Pods/Target Support Files/Pods-MusicArchive/Pods-MusicArchive.release.xcconfig"; sourceTree = "<group>"; };
		9D3C38EB122B71DC1699FE6F /* Pods_MusicArchiveTests.framework */ = {isa = PBXFileReference; explicitFileType = wrapper.framework; includeInIndex = 0; path = Pods_MusicArchiveTests.framework; sourceTree = BUILT_PRODUCTS_DIR; };
		C1C0935C16DB38AA6A7E6082 /* Pods-MusicArchiveTests.release.xcconfig */ = {isa = PBXFileReference; includeInIndex = 1; lastKnownFileType = text.xcconfig; name = "Pods-MusicArchiveTests.release.xcconfig"; path = "Pods/Target Support Files/Pods-MusicArchiveTests/Pods-MusicArchiveTests.release.xcconfig"; sourceTree = "<group>"; };
		DAFAFEEF731B346CC72984A4 /* Pods-MusicArchiveUITests.debug.xcconfig */ = {isa = PBXFileReference; includeInIndex = 1; lastKnownFileType = text.xcconfig; name = "Pods-MusicArchiveUITests.debug.xcconfig"; path = "Pods/Target Support Files/Pods-MusicArchiveUITests/Pods-MusicArchiveUITests.debug.xcconfig"; sourceTree = "<group>"; };
		DEABB50DC281BCF8272E0AF2 /* Pods-MusicArchive.debug.xcconfig */ = {isa = PBXFileReference; includeInIndex = 1; lastKnownFileType = text.xcconfig; name = "Pods-MusicArchive.debug.xcconfig"; path = "Pods/Target Support Files/Pods-MusicArchive/Pods-MusicArchive.debug.xcconfig"; sourceTree = "<group>"; };
/* End PBXFileReference section */

/* Begin PBXFrameworksBuildPhase section */
		42B847811F5523FB00F31700 /* Frameworks */ = {
			isa = PBXFrameworksBuildPhase;
			buildActionMask = 2147483647;
			files = (
				42DC9B0F1F6C5F9500337476 /* Alamofire.framework in Frameworks */,
				F56A3343895BE65F988F2631 /* Pods_MusicArchive.framework in Frameworks */,
			);
			runOnlyForDeploymentPostprocessing = 0;
		};
		42B847951F5523FB00F31700 /* Frameworks */ = {
			isa = PBXFrameworksBuildPhase;
			buildActionMask = 2147483647;
			files = (
				BCF3B0EF5947BFA5EE99AA56 /* Pods_MusicArchiveTests.framework in Frameworks */,
			);
			runOnlyForDeploymentPostprocessing = 0;
		};
		42B847A01F5523FB00F31700 /* Frameworks */ = {
			isa = PBXFrameworksBuildPhase;
			buildActionMask = 2147483647;
			files = (
				FC970D5874A792B01D5378DC /* Pods_MusicArchiveUITests.framework in Frameworks */,
			);
			runOnlyForDeploymentPostprocessing = 0;
		};
/* End PBXFrameworksBuildPhase section */

/* Begin PBXGroup section */
		094F3786FA651850C8EA0655 /* Frameworks */ = {
			isa = PBXGroup;
			children = (
				42DC9B101F6C5F9500337476 /* Alamofire.framework */,
				42DC9B0E1F6C5EDD00337476 /* Pods_MusicArchive.framework */,
				42DC9B0C1F6C5EA700337476 /* Pods_MusicArchive.framework */,
				0BD06BA828D5BD3221C64CD1 /* Pods_MusicArchive.framework */,
				9D3C38EB122B71DC1699FE6F /* Pods_MusicArchiveTests.framework */,
				119DEAB28500FE113E26C70E /* Pods_MusicArchiveUITests.framework */,
			);
			name = Frameworks;
			sourceTree = "<group>";
		};
		420FDA061F5C679700869ECF /* ViewControllers */ = {
			isa = PBXGroup;
			children = (
				42B847891F5523FB00F31700 /* SearchViewController.swift */,
				42B847B51F5524E000F31700 /* SongsViewController.swift */,
				428089CD1F6486360029C212 /* AlbumsViewController.swift */,
				42A93E241F5738BF002186D5 /* ArtistsViewController.swift */,
				420FDA111F5C6D7D00869ECF /* HomeViewController.swift */,
				4286D6CB1F61FEB900A6E2C8 /* TabBarController.swift */,
				429468351F802EFE0018CC35 /* SongPopoverViewController.swift */,
			);
			path = ViewControllers;
			sourceTree = "<group>";
		};
		420FDA071F5C67BA00869ECF /* Models */ = {
			isa = PBXGroup;
			children = (
				420FDA161F5C6F1500869ECF /* Artist.swift */,
				420FDA181F5C6F1E00869ECF /* Song.swift */,
				42289A6E1F64F6DB0067DFE2 /* Album.swift */,
			);
			path = Models;
			sourceTree = "<group>";
		};
		420FDA081F5C69B400869ECF /* Views */ = {
			isa = PBXGroup;
			children = (
				420FDA1E1F5CAAD600869ECF /* ArtistsTableViewCell.swift */,
				42ECDE9F1F9EF0FC00497C91 /* AlbumsTableViewCell.swift */,
				420FDA0B1F5C69E000869ECF /* SongsTableViewCell.swift */,
				42DB37591F5DC89800DF41EE /* SongsTableViewCell.xib */,
				420FDA0D1F5C6B8700869ECF /* SongsTableView.xib */,
				420FDA1A1F5C722500869ECF /* SongsTableView.swift */,
				4231CA1B1FA3A5BF00D26EB3 /* SongPlayerView.xib */,
				4231CA1D1FA3A5E700D26EB3 /* SongPlayerView.swift */,
				42C1F9981F64676E00A4D4A3 /* HomeView.swift */,
				42C1F99A1F64677C00A4D4A3 /* HomeView.xib */,
			);
			path = Views;
			sourceTree = "<group>";
		};
		42B8477B1F5523FB00F31700 = {
			isa = PBXGroup;
			children = (
				42B847861F5523FB00F31700 /* MusicArchive */,
				42B8479B1F5523FB00F31700 /* MusicArchiveTests */,
				42B847A61F5523FB00F31700 /* MusicArchiveUITests */,
				42B847851F5523FB00F31700 /* Products */,
				60275A495124DD0CBF30F215 /* Pods */,
				094F3786FA651850C8EA0655 /* Frameworks */,
			);
			sourceTree = "<group>";
		};
		42B847851F5523FB00F31700 /* Products */ = {
			isa = PBXGroup;
			children = (
				42B847841F5523FB00F31700 /* MusicArchive.app */,
				42B847981F5523FB00F31700 /* MusicArchiveTests.xctest */,
				42B847A31F5523FB00F31700 /* MusicArchiveUITests.xctest */,
			);
			name = Products;
			sourceTree = "<group>";
		};
		42B847861F5523FB00F31700 /* MusicArchive */ = {
			isa = PBXGroup;
			children = (
				42C88D921F5CAE310052A4BB /* Helpers */,
				420FDA081F5C69B400869ECF /* Views */,
				420FDA071F5C67BA00869ECF /* Models */,
				420FDA061F5C679700869ECF /* ViewControllers */,
				42B847871F5523FB00F31700 /* AppDelegate.swift */,
				420FDA141F5C6EC900869ECF /* Endpoints.swift */,
				42B8478B1F5523FB00F31700 /* Main.storyboard */,
				42B8478E1F5523FB00F31700 /* Assets.xcassets */,
				42B847901F5523FB00F31700 /* LaunchScreen.storyboard */,
				42B847931F5523FB00F31700 /* Info.plist */,
			);
			path = MusicArchive;
			sourceTree = "<group>";
		};
		42B8479B1F5523FB00F31700 /* MusicArchiveTests */ = {
			isa = PBXGroup;
			children = (
				42B8479C1F5523FB00F31700 /* MusicArchiveTests.swift */,
				42B8479E1F5523FB00F31700 /* Info.plist */,
			);
			path = MusicArchiveTests;
			sourceTree = "<group>";
		};
		42B847A61F5523FB00F31700 /* MusicArchiveUITests */ = {
			isa = PBXGroup;
			children = (
				42B847A71F5523FB00F31700 /* MusicArchiveUITests.swift */,
				42B847A91F5523FB00F31700 /* Info.plist */,
			);
			path = MusicArchiveUITests;
			sourceTree = "<group>";
		};
		42C88D921F5CAE310052A4BB /* Helpers */ = {
			isa = PBXGroup;
			children = (
				42C88D931F5CAE430052A4BB /* MusicAPIClient.swift */,
				42DB375B1F5DE87900DF41EE /* Extensions.swift */,
				426F5C7C1F60B63800535A89 /* AudioPlayer.swift */,
			);
			path = Helpers;
			sourceTree = "<group>";
		};
		60275A495124DD0CBF30F215 /* Pods */ = {
			isa = PBXGroup;
			children = (
				DEABB50DC281BCF8272E0AF2 /* Pods-MusicArchive.debug.xcconfig */,
				9112619CD638CFB83346E585 /* Pods-MusicArchive.release.xcconfig */,
				7B9A378B22C4B8C68197830E /* Pods-MusicArchiveTests.debug.xcconfig */,
				C1C0935C16DB38AA6A7E6082 /* Pods-MusicArchiveTests.release.xcconfig */,
				DAFAFEEF731B346CC72984A4 /* Pods-MusicArchiveUITests.debug.xcconfig */,
				5B3D3AE1A5B6BE5FC1A2CE85 /* Pods-MusicArchiveUITests.release.xcconfig */,
			);
			name = Pods;
			sourceTree = "<group>";
		};
/* End PBXGroup section */

/* Begin PBXNativeTarget section */
		42B847831F5523FB00F31700 /* MusicArchive */ = {
			isa = PBXNativeTarget;
			buildConfigurationList = 42B847AC1F5523FB00F31700 /* Build configuration list for PBXNativeTarget "MusicArchive" */;
			buildPhases = (
				CC43E7F272CFF79A1E058E3A /* [CP] Check Pods Manifest.lock */,
				42B847801F5523FB00F31700 /* Sources */,
				42B847811F5523FB00F31700 /* Frameworks */,
				42B847821F5523FB00F31700 /* Resources */,
				DF071585F4EA7AD8F4EFD423 /* [CP] Embed Pods Frameworks */,
			);
			buildRules = (
			);
			dependencies = (
			);
			name = MusicArchive;
			productName = MusicArchive;
			productReference = 42B847841F5523FB00F31700 /* MusicArchive.app */;
			productType = "com.apple.product-type.application";
		};
		42B847971F5523FB00F31700 /* MusicArchiveTests */ = {
			isa = PBXNativeTarget;
			buildConfigurationList = 42B847AF1F5523FB00F31700 /* Build configuration list for PBXNativeTarget "MusicArchiveTests" */;
			buildPhases = (
				C5D4F5FD40382F000B8857F3 /* [CP] Check Pods Manifest.lock */,
				42B847941F5523FB00F31700 /* Sources */,
				42B847951F5523FB00F31700 /* Frameworks */,
				42B847961F5523FB00F31700 /* Resources */,
			);
			buildRules = (
			);
			dependencies = (
				42B8479A1F5523FB00F31700 /* PBXTargetDependency */,
			);
			name = MusicArchiveTests;
			productName = MusicArchiveTests;
			productReference = 42B847981F5523FB00F31700 /* MusicArchiveTests.xctest */;
			productType = "com.apple.product-type.bundle.unit-test";
		};
		42B847A21F5523FB00F31700 /* MusicArchiveUITests */ = {
			isa = PBXNativeTarget;
			buildConfigurationList = 42B847B21F5523FB00F31700 /* Build configuration list for PBXNativeTarget "MusicArchiveUITests" */;
			buildPhases = (
				15AF1E1E7DC659592C7DE69B /* [CP] Check Pods Manifest.lock */,
				42B8479F1F5523FB00F31700 /* Sources */,
				42B847A01F5523FB00F31700 /* Frameworks */,
				42B847A11F5523FB00F31700 /* Resources */,
			);
			buildRules = (
			);
			dependencies = (
				42B847A51F5523FB00F31700 /* PBXTargetDependency */,
			);
			name = MusicArchiveUITests;
			productName = MusicArchiveUITests;
			productReference = 42B847A31F5523FB00F31700 /* MusicArchiveUITests.xctest */;
			productType = "com.apple.product-type.bundle.ui-testing";
		};
/* End PBXNativeTarget section */

/* Begin PBXProject section */
		42B8477C1F5523FB00F31700 /* Project object */ = {
			isa = PBXProject;
			attributes = {
				LastSwiftUpdateCheck = 0900;
				LastUpgradeCheck = 0900;
				ORGANIZATIONNAME = Joshua;
				TargetAttributes = {
					42B847831F5523FB00F31700 = {
						CreatedOnToolsVersion = 9.0;
						ProvisioningStyle = Automatic;
						SystemCapabilities = {
							com.apple.BackgroundModes = {
								enabled = 1;
							};
						};
					};
					42B847971F5523FB00F31700 = {
						CreatedOnToolsVersion = 9.0;
						ProvisioningStyle = Automatic;
						TestTargetID = 42B847831F5523FB00F31700;
					};
					42B847A21F5523FB00F31700 = {
						CreatedOnToolsVersion = 9.0;
						ProvisioningStyle = Automatic;
						TestTargetID = 42B847831F5523FB00F31700;
					};
				};
			};
			buildConfigurationList = 42B8477F1F5523FB00F31700 /* Build configuration list for PBXProject "MusicArchive" */;
			compatibilityVersion = "Xcode 8.0";
			developmentRegion = en;
			hasScannedForEncodings = 0;
			knownRegions = (
				en,
				Base,
			);
			mainGroup = 42B8477B1F5523FB00F31700;
			productRefGroup = 42B847851F5523FB00F31700 /* Products */;
			projectDirPath = "";
			projectRoot = "";
			targets = (
				42B847831F5523FB00F31700 /* MusicArchive */,
				42B847971F5523FB00F31700 /* MusicArchiveTests */,
				42B847A21F5523FB00F31700 /* MusicArchiveUITests */,
			);
		};
/* End PBXProject section */

/* Begin PBXResourcesBuildPhase section */
		42B847821F5523FB00F31700 /* Resources */ = {
			isa = PBXResourcesBuildPhase;
			buildActionMask = 2147483647;
			files = (
				42C1F99B1F64677C00A4D4A3 /* HomeView.xib in Resources */,
				42B847921F5523FB00F31700 /* LaunchScreen.storyboard in Resources */,
				4231CA1C1FA3A5BF00D26EB3 /* SongPlayerView.xib in Resources */,
				42B8478F1F5523FB00F31700 /* Assets.xcassets in Resources */,
				420FDA0E1F5C6B8700869ECF /* SongsTableView.xib in Resources */,
				42DB375A1F5DC89800DF41EE /* SongsTableViewCell.xib in Resources */,
				42B8478D1F5523FB00F31700 /* Main.storyboard in Resources */,
			);
			runOnlyForDeploymentPostprocessing = 0;
		};
		42B847961F5523FB00F31700 /* Resources */ = {
			isa = PBXResourcesBuildPhase;
			buildActionMask = 2147483647;
			files = (
			);
			runOnlyForDeploymentPostprocessing = 0;
		};
		42B847A11F5523FB00F31700 /* Resources */ = {
			isa = PBXResourcesBuildPhase;
			buildActionMask = 2147483647;
			files = (
			);
			runOnlyForDeploymentPostprocessing = 0;
		};
/* End PBXResourcesBuildPhase section */

/* Begin PBXShellScriptBuildPhase section */
		15AF1E1E7DC659592C7DE69B /* [CP] Check Pods Manifest.lock */ = {
			isa = PBXShellScriptBuildPhase;
			buildActionMask = 2147483647;
			files = (
			);
			inputPaths = (
				"${PODS_PODFILE_DIR_PATH}/Podfile.lock",
				"${PODS_ROOT}/Manifest.lock",
			);
			name = "[CP] Check Pods Manifest.lock";
			outputPaths = (
				"$(DERIVED_FILE_DIR)/Pods-MusicArchiveUITests-checkManifestLockResult.txt",
			);
			runOnlyForDeploymentPostprocessing = 0;
			shellPath = /bin/sh;
			shellScript = "diff \"${PODS_PODFILE_DIR_PATH}/Podfile.lock\" \"${PODS_ROOT}/Manifest.lock\" > /dev/null\nif [ $? != 0 ] ; then\n    # print error to STDERR\n    echo \"error: The sandbox is not in sync with the Podfile.lock. Run 'pod install' or update your CocoaPods installation.\" >&2\n    exit 1\nfi\n# This output is used by Xcode 'outputs' to avoid re-running this script phase.\necho \"SUCCESS\" > \"${SCRIPT_OUTPUT_FILE_0}\"\n";
			showEnvVarsInLog = 0;
		};
		C5D4F5FD40382F000B8857F3 /* [CP] Check Pods Manifest.lock */ = {
			isa = PBXShellScriptBuildPhase;
			buildActionMask = 2147483647;
			files = (
			);
			inputPaths = (
				"${PODS_PODFILE_DIR_PATH}/Podfile.lock",
				"${PODS_ROOT}/Manifest.lock",
			);
			name = "[CP] Check Pods Manifest.lock";
			outputPaths = (
				"$(DERIVED_FILE_DIR)/Pods-MusicArchiveTests-checkManifestLockResult.txt",
			);
			runOnlyForDeploymentPostprocessing = 0;
			shellPath = /bin/sh;
			shellScript = "diff \"${PODS_PODFILE_DIR_PATH}/Podfile.lock\" \"${PODS_ROOT}/Manifest.lock\" > /dev/null\nif [ $? != 0 ] ; then\n    # print error to STDERR\n    echo \"error: The sandbox is not in sync with the Podfile.lock. Run 'pod install' or update your CocoaPods installation.\" >&2\n    exit 1\nfi\n# This output is used by Xcode 'outputs' to avoid re-running this script phase.\necho \"SUCCESS\" > \"${SCRIPT_OUTPUT_FILE_0}\"\n";
			showEnvVarsInLog = 0;
		};
		CC43E7F272CFF79A1E058E3A /* [CP] Check Pods Manifest.lock */ = {
			isa = PBXShellScriptBuildPhase;
			buildActionMask = 2147483647;
			files = (
			);
			inputPaths = (
				"${PODS_PODFILE_DIR_PATH}/Podfile.lock",
				"${PODS_ROOT}/Manifest.lock",
			);
			name = "[CP] Check Pods Manifest.lock";
			outputPaths = (
				"$(DERIVED_FILE_DIR)/Pods-MusicArchive-checkManifestLockResult.txt",
			);
			runOnlyForDeploymentPostprocessing = 0;
			shellPath = /bin/sh;
			shellScript = "diff \"${PODS_PODFILE_DIR_PATH}/Podfile.lock\" \"${PODS_ROOT}/Manifest.lock\" > /dev/null\nif [ $? != 0 ] ; then\n    # print error to STDERR\n    echo \"error: The sandbox is not in sync with the Podfile.lock. Run 'pod install' or update your CocoaPods installation.\" >&2\n    exit 1\nfi\n# This output is used by Xcode 'outputs' to avoid re-running this script phase.\necho \"SUCCESS\" > \"${SCRIPT_OUTPUT_FILE_0}\"\n";
			showEnvVarsInLog = 0;
		};
		DF071585F4EA7AD8F4EFD423 /* [CP] Embed Pods Frameworks */ = {
			isa = PBXShellScriptBuildPhase;
			buildActionMask = 2147483647;
			files = (
			);
			inputPaths = (
				"${PODS_ROOT}/Target Support Files/Pods-MusicArchive/Pods-MusicArchive-frameworks.sh",
				"${BUILT_PRODUCTS_DIR}/Alamofire/Alamofire.framework",
			);
			name = "[CP] Embed Pods Frameworks";
			outputPaths = (
				"${TARGET_BUILD_DIR}/${FRAMEWORKS_FOLDER_PATH}/Alamofire.framework",
			);
			runOnlyForDeploymentPostprocessing = 0;
			shellPath = /bin/sh;
			shellScript = "\"${PODS_ROOT}/Target Support Files/Pods-MusicArchive/Pods-MusicArchive-frameworks.sh\"\n";
			showEnvVarsInLog = 0;
		};
/* End PBXShellScriptBuildPhase section */

/* Begin PBXSourcesBuildPhase section */
		42B847801F5523FB00F31700 /* Sources */ = {
			isa = PBXSourcesBuildPhase;
			buildActionMask = 2147483647;
			files = (
				4286D6CC1F61FEB900A6E2C8 /* TabBarController.swift in Sources */,
				420FDA0C1F5C69E000869ECF /* SongsTableViewCell.swift in Sources */,
				42289A6F1F64F6DB0067DFE2 /* Album.swift in Sources */,
				428089CE1F6486360029C212 /* AlbumsViewController.swift in Sources */,
				42B8478A1F5523FB00F31700 /* SearchViewController.swift in Sources */,
				426F5C7D1F60B63800535A89 /* AudioPlayer.swift in Sources */,
				42A93E251F5738BF002186D5 /* ArtistsViewController.swift in Sources */,
				42C1F9991F64676E00A4D4A3 /* HomeView.swift in Sources */,
				420FDA171F5C6F1500869ECF /* Artist.swift in Sources */,
				420FDA191F5C6F1E00869ECF /* Song.swift in Sources */,
				42B847B61F5524E000F31700 /* SongsViewController.swift in Sources */,
				4231CA1E1FA3A5E700D26EB3 /* SongPlayerView.swift in Sources */,
				42C88D941F5CAE430052A4BB /* MusicAPIClient.swift in Sources */,
				420FDA1F1F5CAAD600869ECF /* ArtistsTableViewCell.swift in Sources */,
				420FDA1B1F5C722500869ECF /* SongsTableView.swift in Sources */,
				420FDA121F5C6D7D00869ECF /* HomeViewController.swift in Sources */,
				429468361F802EFE0018CC35 /* SongPopoverViewController.swift in Sources */,
				42B847881F5523FB00F31700 /* AppDelegate.swift in Sources */,
				42ECDEA01F9EF0FC00497C91 /* AlbumsTableViewCell.swift in Sources */,
				420FDA151F5C6EC900869ECF /* Endpoints.swift in Sources */,
				42DB375C1F5DE87900DF41EE /* Extensions.swift in Sources */,
			);
			runOnlyForDeploymentPostprocessing = 0;
		};
		42B847941F5523FB00F31700 /* Sources */ = {
			isa = PBXSourcesBuildPhase;
			buildActionMask = 2147483647;
			files = (
				42B8479D1F5523FB00F31700 /* MusicArchiveTests.swift in Sources */,
			);
			runOnlyForDeploymentPostprocessing = 0;
		};
		42B8479F1F5523FB00F31700 /* Sources */ = {
			isa = PBXSourcesBuildPhase;
			buildActionMask = 2147483647;
			files = (
				42B847A81F5523FB00F31700 /* MusicArchiveUITests.swift in Sources */,
			);
			runOnlyForDeploymentPostprocessing = 0;
		};
/* End PBXSourcesBuildPhase section */

/* Begin PBXTargetDependency section */
		42B8479A1F5523FB00F31700 /* PBXTargetDependency */ = {
			isa = PBXTargetDependency;
			target = 42B847831F5523FB00F31700 /* MusicArchive */;
			targetProxy = 42B847991F5523FB00F31700 /* PBXContainerItemProxy */;
		};
		42B847A51F5523FB00F31700 /* PBXTargetDependency */ = {
			isa = PBXTargetDependency;
			target = 42B847831F5523FB00F31700 /* MusicArchive */;
			targetProxy = 42B847A41F5523FB00F31700 /* PBXContainerItemProxy */;
		};
/* End PBXTargetDependency section */

/* Begin PBXVariantGroup section */
		42B8478B1F5523FB00F31700 /* Main.storyboard */ = {
			isa = PBXVariantGroup;
			children = (
				42B8478C1F5523FB00F31700 /* Base */,
			);
			name = Main.storyboard;
			sourceTree = "<group>";
		};
		42B847901F5523FB00F31700 /* LaunchScreen.storyboard */ = {
			isa = PBXVariantGroup;
			children = (
				42B847911F5523FB00F31700 /* Base */,
			);
			name = LaunchScreen.storyboard;
			sourceTree = "<group>";
		};
/* End PBXVariantGroup section */

/* Begin XCBuildConfiguration section */
		42B847AA1F5523FB00F31700 /* Debug */ = {
			isa = XCBuildConfiguration;
			buildSettings = {
				ALWAYS_SEARCH_USER_PATHS = NO;
				CLANG_ANALYZER_NONNULL = YES;
				CLANG_ANALYZER_NUMBER_OBJECT_CONVERSION = YES_AGGRESSIVE;
				CLANG_CXX_LANGUAGE_STANDARD = "gnu++14";
				CLANG_CXX_LIBRARY = "libc++";
				CLANG_ENABLE_MODULES = YES;
				CLANG_ENABLE_OBJC_ARC = YES;
				CLANG_WARN_BLOCK_CAPTURE_AUTORELEASING = YES;
				CLANG_WARN_BOOL_CONVERSION = YES;
				CLANG_WARN_COMMA = YES;
				CLANG_WARN_CONSTANT_CONVERSION = YES;
				CLANG_WARN_DIRECT_OBJC_ISA_USAGE = YES_ERROR;
				CLANG_WARN_DOCUMENTATION_COMMENTS = YES;
				CLANG_WARN_EMPTY_BODY = YES;
				CLANG_WARN_ENUM_CONVERSION = YES;
				CLANG_WARN_INFINITE_RECURSION = YES;
				CLANG_WARN_INT_CONVERSION = YES;
				CLANG_WARN_NON_LITERAL_NULL_CONVERSION = YES;
				CLANG_WARN_OBJC_LITERAL_CONVERSION = YES;
				CLANG_WARN_OBJC_ROOT_CLASS = YES_ERROR;
				CLANG_WARN_RANGE_LOOP_ANALYSIS = YES;
				CLANG_WARN_STRICT_PROTOTYPES = YES;
				CLANG_WARN_SUSPICIOUS_MOVE = YES;
				CLANG_WARN_UNGUARDED_AVAILABILITY = YES_AGGRESSIVE;
				CLANG_WARN_UNREACHABLE_CODE = YES;
				CLANG_WARN__DUPLICATE_METHOD_MATCH = YES;
				CODE_SIGN_IDENTITY = "iPhone Developer";
				COPY_PHASE_STRIP = NO;
				DEBUG_INFORMATION_FORMAT = dwarf;
				ENABLE_STRICT_OBJC_MSGSEND = YES;
				ENABLE_TESTABILITY = YES;
				GCC_C_LANGUAGE_STANDARD = gnu11;
				GCC_DYNAMIC_NO_PIC = NO;
				GCC_NO_COMMON_BLOCKS = YES;
				GCC_OPTIMIZATION_LEVEL = 0;
				GCC_PREPROCESSOR_DEFINITIONS = (
					"DEBUG=1",
					"$(inherited)",
				);
				GCC_WARN_64_TO_32_BIT_CONVERSION = YES;
				GCC_WARN_ABOUT_RETURN_TYPE = YES_ERROR;
				GCC_WARN_UNDECLARED_SELECTOR = YES;
				GCC_WARN_UNINITIALIZED_AUTOS = YES_AGGRESSIVE;
				GCC_WARN_UNUSED_FUNCTION = YES;
				GCC_WARN_UNUSED_VARIABLE = YES;
				IPHONEOS_DEPLOYMENT_TARGET = 11.0;
				MTL_ENABLE_DEBUG_INFO = YES;
				ONLY_ACTIVE_ARCH = YES;
				SDKROOT = iphoneos;
				SWIFT_ACTIVE_COMPILATION_CONDITIONS = DEBUG;
				SWIFT_OPTIMIZATION_LEVEL = "-Onone";
			};
			name = Debug;
		};
		42B847AB1F5523FB00F31700 /* Release */ = {
			isa = XCBuildConfiguration;
			buildSettings = {
				ALWAYS_SEARCH_USER_PATHS = NO;
				CLANG_ANALYZER_NONNULL = YES;
				CLANG_ANALYZER_NUMBER_OBJECT_CONVERSION = YES_AGGRESSIVE;
				CLANG_CXX_LANGUAGE_STANDARD = "gnu++14";
				CLANG_CXX_LIBRARY = "libc++";
				CLANG_ENABLE_MODULES = YES;
				CLANG_ENABLE_OBJC_ARC = YES;
				CLANG_WARN_BLOCK_CAPTURE_AUTORELEASING = YES;
				CLANG_WARN_BOOL_CONVERSION = YES;
				CLANG_WARN_COMMA = YES;
				CLANG_WARN_CONSTANT_CONVERSION = YES;
				CLANG_WARN_DIRECT_OBJC_ISA_USAGE = YES_ERROR;
				CLANG_WARN_DOCUMENTATION_COMMENTS = YES;
				CLANG_WARN_EMPTY_BODY = YES;
				CLANG_WARN_ENUM_CONVERSION = YES;
				CLANG_WARN_INFINITE_RECURSION = YES;
				CLANG_WARN_INT_CONVERSION = YES;
				CLANG_WARN_NON_LITERAL_NULL_CONVERSION = YES;
				CLANG_WARN_OBJC_LITERAL_CONVERSION = YES;
				CLANG_WARN_OBJC_ROOT_CLASS = YES_ERROR;
				CLANG_WARN_RANGE_LOOP_ANALYSIS = YES;
				CLANG_WARN_STRICT_PROTOTYPES = YES;
				CLANG_WARN_SUSPICIOUS_MOVE = YES;
				CLANG_WARN_UNGUARDED_AVAILABILITY = YES_AGGRESSIVE;
				CLANG_WARN_UNREACHABLE_CODE = YES;
				CLANG_WARN__DUPLICATE_METHOD_MATCH = YES;
				CODE_SIGN_IDENTITY = "iPhone Developer";
				COPY_PHASE_STRIP = NO;
				DEBUG_INFORMATION_FORMAT = "dwarf-with-dsym";
				ENABLE_NS_ASSERTIONS = NO;
				ENABLE_STRICT_OBJC_MSGSEND = YES;
				GCC_C_LANGUAGE_STANDARD = gnu11;
				GCC_NO_COMMON_BLOCKS = YES;
				GCC_WARN_64_TO_32_BIT_CONVERSION = YES;
				GCC_WARN_ABOUT_RETURN_TYPE = YES_ERROR;
				GCC_WARN_UNDECLARED_SELECTOR = YES;
				GCC_WARN_UNINITIALIZED_AUTOS = YES_AGGRESSIVE;
				GCC_WARN_UNUSED_FUNCTION = YES;
				GCC_WARN_UNUSED_VARIABLE = YES;
				IPHONEOS_DEPLOYMENT_TARGET = 11.0;
				MTL_ENABLE_DEBUG_INFO = NO;
				SDKROOT = iphoneos;
				SWIFT_OPTIMIZATION_LEVEL = "-Owholemodule";
				VALIDATE_PRODUCT = YES;
			};
			name = Release;
		};
		42B847AD1F5523FB00F31700 /* Debug */ = {
			isa = XCBuildConfiguration;
			baseConfigurationReference = DEABB50DC281BCF8272E0AF2 /* Pods-MusicArchive.debug.xcconfig */;
			buildSettings = {
				ASSETCATALOG_COMPILER_APPICON_NAME = AppIcon;
				CODE_SIGN_STYLE = Automatic;
				DEVELOPMENT_TEAM = GFSP92A3FB;
				INFOPLIST_FILE = MusicArchive/Info.plist;
				IPHONEOS_DEPLOYMENT_TARGET = 9.3;
				LD_RUNPATH_SEARCH_PATHS = "$(inherited) @executable_path/Frameworks";
				PRODUCT_BUNDLE_IDENTIFIER = "joshua-MusicArchive";
				PRODUCT_NAME = "$(TARGET_NAME)";
				SWIFT_VERSION = 4.0;
				TARGETED_DEVICE_FAMILY = 1;
			};
			name = Debug;
		};
		42B847AE1F5523FB00F31700 /* Release */ = {
			isa = XCBuildConfiguration;
			baseConfigurationReference = 9112619CD638CFB83346E585 /* Pods-MusicArchive.release.xcconfig */;
			buildSettings = {
				ASSETCATALOG_COMPILER_APPICON_NAME = AppIcon;
				CODE_SIGN_STYLE = Automatic;
				DEVELOPMENT_TEAM = GFSP92A3FB;
				INFOPLIST_FILE = MusicArchive/Info.plist;
				IPHONEOS_DEPLOYMENT_TARGET = 9.3;
				LD_RUNPATH_SEARCH_PATHS = "$(inherited) @executable_path/Frameworks";
				PRODUCT_BUNDLE_IDENTIFIER = "joshua-MusicArchive";
				PRODUCT_NAME = "$(TARGET_NAME)";
				SWIFT_VERSION = 4.0;
				TARGETED_DEVICE_FAMILY = 1;
			};
			name = Release;
		};
		42B847B01F5523FB00F31700 /* Debug */ = {
			isa = XCBuildConfiguration;
			baseConfigurationReference = 7B9A378B22C4B8C68197830E /* Pods-MusicArchiveTests.debug.xcconfig */;
			buildSettings = {
				ALWAYS_EMBED_SWIFT_STANDARD_LIBRARIES = YES;
				BUNDLE_LOADER = "$(TEST_HOST)";
				CODE_SIGN_STYLE = Automatic;
				INFOPLIST_FILE = MusicArchiveTests/Info.plist;
				LD_RUNPATH_SEARCH_PATHS = "$(inherited) @executable_path/Frameworks @loader_path/Frameworks";
				PRODUCT_BUNDLE_IDENTIFIER = joshua.MusicArchiveTests;
				PRODUCT_NAME = "$(TARGET_NAME)";
				SWIFT_VERSION = 4.0;
				TARGETED_DEVICE_FAMILY = "1,2";
				TEST_HOST = "$(BUILT_PRODUCTS_DIR)/MusicArchive.app/MusicArchive";
			};
			name = Debug;
		};
		42B847B11F5523FB00F31700 /* Release */ = {
			isa = XCBuildConfiguration;
			baseConfigurationReference = C1C0935C16DB38AA6A7E6082 /* Pods-MusicArchiveTests.release.xcconfig */;
			buildSettings = {
				ALWAYS_EMBED_SWIFT_STANDARD_LIBRARIES = YES;
				BUNDLE_LOADER = "$(TEST_HOST)";
				CODE_SIGN_STYLE = Automatic;
				INFOPLIST_FILE = MusicArchiveTests/Info.plist;
				LD_RUNPATH_SEARCH_PATHS = "$(inherited) @executable_path/Frameworks @loader_path/Frameworks";
				PRODUCT_BUNDLE_IDENTIFIER = joshua.MusicArchiveTests;
				PRODUCT_NAME = "$(TARGET_NAME)";
				SWIFT_VERSION = 4.0;
				TARGETED_DEVICE_FAMILY = "1,2";
				TEST_HOST = "$(BUILT_PRODUCTS_DIR)/MusicArchive.app/MusicArchive";
			};
			name = Release;
		};
		42B847B31F5523FB00F31700 /* Debug */ = {
			isa = XCBuildConfiguration;
			baseConfigurationReference = DAFAFEEF731B346CC72984A4 /* Pods-MusicArchiveUITests.debug.xcconfig */;
			buildSettings = {
				ALWAYS_EMBED_SWIFT_STANDARD_LIBRARIES = YES;
				CODE_SIGN_STYLE = Automatic;
				INFOPLIST_FILE = MusicArchiveUITests/Info.plist;
				LD_RUNPATH_SEARCH_PATHS = "$(inherited) @executable_path/Frameworks @loader_path/Frameworks";
				PRODUCT_BUNDLE_IDENTIFIER = joshua.MusicArchiveUITests;
				PRODUCT_NAME = "$(TARGET_NAME)";
				SWIFT_VERSION = 4.0;
				TARGETED_DEVICE_FAMILY = "1,2";
				TEST_TARGET_NAME = MusicArchive;
			};
			name = Debug;
		};
		42B847B41F5523FB00F31700 /* Release */ = {
			isa = XCBuildConfiguration;
			baseConfigurationReference = 5B3D3AE1A5B6BE5FC1A2CE85 /* Pods-MusicArchiveUITests.release.xcconfig */;
			buildSettings = {
				ALWAYS_EMBED_SWIFT_STANDARD_LIBRARIES = YES;
				CODE_SIGN_STYLE = Automatic;
				INFOPLIST_FILE = MusicArchiveUITests/Info.plist;
				LD_RUNPATH_SEARCH_PATHS = "$(inherited) @executable_path/Frameworks @loader_path/Frameworks";
				PRODUCT_BUNDLE_IDENTIFIER = joshua.MusicArchiveUITests;
				PRODUCT_NAME = "$(TARGET_NAME)";
				SWIFT_VERSION = 4.0;
				TARGETED_DEVICE_FAMILY = "1,2";
				TEST_TARGET_NAME = MusicArchive;
			};
			name = Release;
		};
/* End XCBuildConfiguration section */

/* Begin XCConfigurationList section */
		42B8477F1F5523FB00F31700 /* Build configuration list for PBXProject "MusicArchive" */ = {
			isa = XCConfigurationList;
			buildConfigurations = (
				42B847AA1F5523FB00F31700 /* Debug */,
				42B847AB1F5523FB00F31700 /* Release */,
			);
			defaultConfigurationIsVisible = 0;
			defaultConfigurationName = Release;
		};
		42B847AC1F5523FB00F31700 /* Build configuration list for PBXNativeTarget "MusicArchive" */ = {
			isa = XCConfigurationList;
			buildConfigurations = (
				42B847AD1F5523FB00F31700 /* Debug */,
				42B847AE1F5523FB00F31700 /* Release */,
			);
			defaultConfigurationIsVisible = 0;
			defaultConfigurationName = Release;
		};
		42B847AF1F5523FB00F31700 /* Build configuration list for PBXNativeTarget "MusicArchiveTests" */ = {
			isa = XCConfigurationList;
			buildConfigurations = (
				42B847B01F5523FB00F31700 /* Debug */,
				42B847B11F5523FB00F31700 /* Release */,
			);
			defaultConfigurationIsVisible = 0;
			defaultConfigurationName = Release;
		};
		42B847B21F5523FB00F31700 /* Build configuration list for PBXNativeTarget "MusicArchiveUITests" */ = {
			isa = XCConfigurationList;
			buildConfigurations = (
				42B847B31F5523FB00F31700 /* Debug */,
				42B847B41F5523FB00F31700 /* Release */,
			);
			defaultConfigurationIsVisible = 0;
			defaultConfigurationName = Release;
		};
/* End XCConfigurationList section */
	};
	rootObject = 42B8477C1F5523FB00F31700 /* Project object */;
}
